
Microsoft Visual Studio Solution File, Format Version 12.00
# Visual Studio 2013
VisualStudioVersion = 12.0.21005.1
MinimumVisualStudioVersion = 10.0.40219.1
Project("{FAE04EC0-301F-11D3-BF4B-00C04F79EFBC}") = "StudentInfoApps", "StudentInfoApps\StudentInfoApps.csproj", "{68AAE29B-EAA2-465D-9098-3F1537E16F27}"
EndProject
Global
	GlobalSection(SolutionConfigurationPlatforms) = preSolution
		Debug|Any CPU = Debug|Any CPU
		Release|Any CPU = Release|Any CPU
	EndGlobalSection
	GlobalSection(ProjectConfigurationPlatforms) = postSolution
		{68AAE29B-EAA2-465D-9098-3F1537E16F27}.Debug|Any CPU.ActiveCfg = Debug|Any CPU
		{68AAE29B-EAA2-465D-9098-3F1537E16F27}.Debug|Any CPU.Build.0 = Debug|Any CPU
		{68AAE29B-EAA2-465D-9098-3F1537E16F27}.Release|Any CPU.ActiveCfg = Release|Any CPU
		{68AAE29B-EAA2-465D-9098-3F1537E16F27}.Release|Any CPU.Build.0 = Release|Any CPU
	EndGlobalSection
	GlobalSection(SolutionProperties) = preSolution
		HideSolutionNode = FALSE
	EndGlobalSection
EndGlobal
